
Microsoft Visual Studio Solution File, Format Version 12.00
# Visual Studio Version 17
VisualStudioVersion = 17.4.33110.190
MinimumVisualStudioVersion = 10.0.40219.1
Project("{FAE04EC0-301F-11D3-BF4B-00C04F79EFBC}") = "AppXamarin1", "AppXamarin1\AppXamarin1.csproj", "{70C6DDF5-CDD6-4441-8061-8EF7AEAC0FB3}"
EndProject
Global
	GlobalSection(SolutionConfigurationPlatforms) = preSolution
		Debug|Any CPU = Debug|Any CPU
		Release|Any CPU = Release|Any CPU
	EndGlobalSection
	GlobalSection(ProjectConfigurationPlatforms) = postSolution
		{70C6DDF5-CDD6-4441-8061-8EF7AEAC0FB3}.Debug|Any CPU.ActiveCfg = Debug|Any CPU
		{70C6DDF5-CDD6-4441-8061-8EF7AEAC0FB3}.Debug|Any CPU.Build.0 = Debug|Any CPU
		{70C6DDF5-CDD6-4441-8061-8EF7AEAC0FB3}.Debug|Any CPU.Deploy.0 = Debug|Any CPU
		{70C6DDF5-CDD6-4441-8061-8EF7AEAC0FB3}.Release|Any CPU.ActiveCfg = Release|Any CPU
		{70C6DDF5-CDD6-4441-8061-8EF7AEAC0FB3}.Release|Any CPU.Build.0 = Release|Any CPU
		{70C6DDF5-CDD6-4441-8061-8EF7AEAC0FB3}.Release|Any CPU.Deploy.0 = Release|Any CPU
	EndGlobalSection
	GlobalSection(SolutionProperties) = preSolution
		HideSolutionNode = FALSE
	EndGlobalSection
	GlobalSection(ExtensibilityGlobals) = postSolution
		SolutionGuid = {02B9E3C9-E28F-4542-99FE-2A99D0836FA1}
	EndGlobalSection
EndGlobal
